
Microsoft Visual Studio Solution File, Format Version 12.00
# Visual Studio 15
VisualStudioVersion = 15.0.28307.168
MinimumVisualStudioVersion = 10.0.40219.1
Project("{FAE04EC0-301F-11D3-BF4B-00C04F79EFBC}") = "AlumnosNota", "AlumnosNota\AlumnosNota.csproj", "{F768F925-7456-4E42-8EA0-76D7298E4B64}"
EndProject
Global
	GlobalSection(SolutionConfigurationPlatforms) = preSolution
		Debug|Any CPU = Debug|Any CPU
		Release|Any CPU = Release|Any CPU
	EndGlobalSection
	GlobalSection(ProjectConfigurationPlatforms) = postSolution
		{F768F925-7456-4E42-8EA0-76D7298E4B64}.Debug|Any CPU.ActiveCfg = Debug|Any CPU
		{F768F925-7456-4E42-8EA0-76D7298E4B64}.Debug|Any CPU.Build.0 = Debug|Any CPU
		{F768F925-7456-4E42-8EA0-76D7298E4B64}.Release|Any CPU.ActiveCfg = Release|Any CPU
		{F768F925-7456-4E42-8EA0-76D7298E4B64}.Release|Any CPU.Build.0 = Release|Any CPU
	EndGlobalSection
	GlobalSection(SolutionProperties) = preSolution
		HideSolutionNode = FALSE
	EndGlobalSection
	GlobalSection(ExtensibilityGlobals) = postSolution
		SolutionGuid = {D337239D-84E3-4798-B923-6616E79ED568}
	EndGlobalSection
EndGlobal
