
Microsoft Visual Studio Solution File, Format Version 12.00
# Visual Studio 15
VisualStudioVersion = 15.0.28307.168
MinimumVisualStudioVersion = 10.0.40219.1
Project("{FAE04EC0-301F-11D3-BF4B-00C04F79EFBC}") = "Ejercicio 2", "Ejercicio 2\Ejercicio 2.csproj", "{9D4C9EA6-4EBD-4F37-A1C2-486F5D012FCE}"
EndProject
Global
	GlobalSection(SolutionConfigurationPlatforms) = preSolution
		Debug|Any CPU = Debug|Any CPU
		Release|Any CPU = Release|Any CPU
	EndGlobalSection
	GlobalSection(ProjectConfigurationPlatforms) = postSolution
		{9D4C9EA6-4EBD-4F37-A1C2-486F5D012FCE}.Debug|Any CPU.ActiveCfg = Debug|Any CPU
		{9D4C9EA6-4EBD-4F37-A1C2-486F5D012FCE}.Debug|Any CPU.Build.0 = Debug|Any CPU
		{9D4C9EA6-4EBD-4F37-A1C2-486F5D012FCE}.Release|Any CPU.ActiveCfg = Release|Any CPU
		{9D4C9EA6-4EBD-4F37-A1C2-486F5D012FCE}.Release|Any CPU.Build.0 = Release|Any CPU
	EndGlobalSection
	GlobalSection(SolutionProperties) = preSolution
		HideSolutionNode = FALSE
	EndGlobalSection
	GlobalSection(ExtensibilityGlobals) = postSolution
		SolutionGuid = {A5C26881-B434-41D0-B97B-8D7050BD59B2}
	EndGlobalSection
EndGlobal
